{
  "version": 4,
  "terraform_version": "0.14.0",
  "serial": 16,
  "lineage": "af0eb493-7043-a651-41ef-eada0cb2a90e",
  "outputs": {
    "ip": {
      "value": "34.67.62.10",
      "type": "string"
    }
  },
  "resources": [
    {
      "mode": "managed",
      "type": "google_compute_instance",
      "name": "default",
      "provider": "provider[\"registry.terraform.io/hashicorp/google\"]",
      "instances": [
        {
          "schema_version": 6,
          "attributes": {
            "allow_stopping_for_update": null,
            "attached_disk": [],
            "boot_disk": [
              {
                "auto_delete": true,
                "device_name": "persistent-disk-0",
                "disk_encryption_key_raw": "",
                "disk_encryption_key_sha256": "",
                "initialize_params": [
                  {
                    "image": "https://www.googleapis.com/compute/v1/projects/ubuntu-os-cloud/global/images/ubuntu-1804-bionic-v20201201",
                    "labels": {},
                    "size": 10,
                    "type": "pd-standard"
                  }
                ],
                "kms_key_self_link": "",
                "mode": "READ_WRITE",
                "source": "https://www.googleapis.com/compute/v1/projects/airqo-250220/zones/us-central1-c/disks/pipeline-k8s-worker1"
              }
            ],
            "can_ip_forward": false,
            "cpu_platform": "Intel Haswell",
            "deletion_protection": false,
            "description": "",
            "enable_display": false,
            "guest_accelerator": [],
            "hostname": "",
            "id": "projects/airqo-250220/zones/us-central1-c/instances/pipeline-k8s-worker1",
            "instance_id": "4224984723092822357",
            "label_fingerprint": "42WmSpB8rSM=",
            "labels": {},
            "machine_type": "e2-small",
            "metadata": {
              "ssh-keys": "balmart:ssh-rsa AAAAB3NzaC1yc2EAAAADAQABAAABAQDBQD+oR2HkAohBXc1X7WB+3CRnjLFXNQX+a+nvDyWsDSj8tkLlouEeySlyPe6awT4f8M2RerLwD4qMU0jKlfy9ADHoUw0nRQHKRGw6xOU/qFnXP68UmbxmvagQWUisPh3lfnpA6SstR0lSyNQuNeYbFpE3mCLcXHGSIj3qS1tC0CPmBy9z++kFLwrBBM1b9MkUmQK14jN4Mf6x1lZ/qKVcNJM4ahX5GyRD/q//g+/6mvgUEuWYlBij11HO+HkMQETIdss8/4/us1IjAcjNgCosv+83OUfsxRg8efLeMbGqNC7CrTLLh+yPwtjsjEZWWmGZT8Dp4Bu7MOjYWF+2+MBz balmart@bridge\n"
            },
            "metadata_fingerprint": "p5rY3ttAZyU=",
            "metadata_startup_script": "",
            "min_cpu_platform": "",
            "name": "pipeline-k8s-worker1",
            "network_interface": [
              {
                "access_config": [
                  {
                    "nat_ip": "34.67.62.10",
                    "network_tier": "PREMIUM",
                    "public_ptr_domain_name": ""
                  }
                ],
                "alias_ip_range": [],
                "name": "nic0",
                "network": "https://www.googleapis.com/compute/v1/projects/airqo-250220/global/networks/pipeline-k8s-cluster",
                "network_ip": "10.128.0.2",
                "subnetwork": "https://www.googleapis.com/compute/v1/projects/airqo-250220/regions/us-central1/subnetworks/pipeline-k8s-cluster",
                "subnetwork_project": "airqo-250220"
              }
            ],
            "project": "airqo-250220",
            "scheduling": [
              {
                "automatic_restart": true,
                "node_affinities": [],
                "on_host_maintenance": "MIGRATE",
                "preemptible": false
              }
            ],
            "scratch_disk": [],
            "self_link": "https://www.googleapis.com/compute/v1/projects/airqo-250220/zones/us-central1-c/instances/pipeline-k8s-worker1",
            "service_account": [],
            "shielded_instance_config": [
              {
                "enable_integrity_monitoring": true,
                "enable_secure_boot": false,
                "enable_vtpm": true
              }
            ],
            "tags": [],
            "tags_fingerprint": "42WmSpB8rSM=",
            "timeouts": null,
            "zone": "us-central1-c"
          },
          "sensitive_attributes": [],
          "private": "eyJlMmJmYjczMC1lY2FhLTExZTYtOGY4OC0zNDM2M2JjN2M0YzAiOnsiY3JlYXRlIjoxMjAwMDAwMDAwMDAwLCJkZWxldGUiOjEyMDAwMDAwMDAwMDAsInVwZGF0ZSI6MTIwMDAwMDAwMDAwMH0sInNjaGVtYV92ZXJzaW9uIjoiNiJ9"
        }
      ]
    }
  ]
}
