{
  "name": "monitoring-service",
  "version": "1.0.0",
  "lockfileVersion": 1,
  "requires": true,
  "dependencies": {
    "config": {
      "version": "3.3.6",
      "resolved": "https://registry.npmjs.org/config/-/config-3.3.6.tgz",
      "integrity": "sha512-Hj5916C5HFawjYJat1epbyY2PlAgLpBtDUlr0MxGLgo3p5+7kylyvnRY18PqJHgnNWXcdd0eWDemT7eYWuFgwg==",
      "requires": {
        "json5": "^2.1.1"
      }
    },
    "json5": {
      "version": "2.2.0",
      "resolved": "https://registry.npmjs.org/json5/-/json5-2.2.0.tgz",
      "integrity": "sha512-f+8cldu7X/y7RAJurMEJmdoKXGB/X550w2Nr3tTbezL6RwEE/iMcm+tZnXeoZtKuOq6ft8+CqzEkrIgx1fPoQA==",
      "requires": {
        "minimist": "^1.2.5"
      }
    },
    "minimist": {
      "version": "1.2.5",
      "resolved": "https://registry.npmjs.org/minimist/-/minimist-1.2.5.tgz",
      "integrity": "sha512-FM9nNUYrRBAELZQT3xeZQ7fmMOBg6nWNmJKTcgsJeaLstP/UODVpGsr5OhXhhXg6f+qtJ8uiZ+PUxkDWcgIXLw=="
    }
  }
}
